{
  "pins" : [
    {
      "identity" : "apiclient",
      "kind" : "remoteSourceControl",
      "location" : "https://github.com/joselinoneto/apiclient",
      "state" : {
        "revision" : "9490cc016430cf49bade172ea59f717d9b1ad395",
        "version" : "1.0.1"
      }
    },
    {
      "identity" : "grdb.swift",
      "kind" : "remoteSourceControl",
      "location" : "https://github.com/groue/GRDB.swift.git",
      "state" : {
        "revision" : "d3862c042446d3025a8a4123b013e1b6d58fc315",
        "version" : "6.8.0"
      }
    },
    {
      "identity" : "keychainaccess",
      "kind" : "remoteSourceControl",
      "location" : "https://github.com/kishikawakatsumi/KeychainAccess",
      "state" : {
        "revision" : "84e546727d66f1adc5439debad16270d0fdd04e7",
        "version" : "4.2.2"
      }
    },
    {
      "identity" : "storageclient",
      "kind" : "remoteSourceControl",
      "location" : "https://github.com/joselinoneto/storageclient",
      "state" : {
        "revision" : "560fdbaf87766a80a0cb0dd13e7a8f98811f3e08",
        "version" : "1.0.12"
      }
    },
    {
      "identity" : "swifterswift",
      "kind" : "remoteSourceControl",
      "location" : "https://github.com/SwifterSwift/SwifterSwift.git",
      "state" : {
        "revision" : "dc813f3aa92f904a009fe543b99d5649dce7c134",
        "version" : "5.2.0"
      }
    },
    {
      "identity" : "toolboxapiclient",
      "kind" : "remoteSourceControl",
      "location" : "https://github.com/joselinoneto/ToolboxAPIClient",
      "state" : {
        "revision" : "4fe2e381f21fa47643adf3db2b06fe61813c6bf7",
        "version" : "1.1.1"
      }
    },
    {
      "identity" : "toolboxstorageclient",
      "kind" : "remoteSourceControl",
      "location" : "https://github.com/joselinoneto/ToolboxStorageClient",
      "state" : {
        "revision" : "8d6248ff790caeae43a0344f65ff2a9aa7418a86",
        "version" : "1.0.5"
      }
    },
    {
      "identity" : "tools",
      "kind" : "remoteSourceControl",
      "location" : "https://github.com/joselinoneto/tools",
      "state" : {
        "revision" : "d1b6ccc2948f8d474cd6ccd476380114021dc776",
        "version" : "1.0.8"
      }
    }
  ],
  "version" : 2
}
