{
  "pins" : [
    {
      "identity" : "apiclient",
      "kind" : "remoteSourceControl",
      "location" : "https://github.com/joselinoneto/apiclient",
      "state" : {
        "revision" : "ceb9577763b85b16925503fac381e27381f6ed04",
        "version" : "1.0.0"
      }
    },
    {
      "identity" : "grdb.swift",
      "kind" : "remoteSourceControl",
      "location" : "https://github.com/groue/GRDB.swift.git",
      "state" : {
        "revision" : "2d31ed46183d46927eec91f3421ef3c24f75e93d",
        "version" : "6.3.1"
      }
    },
    {
      "identity" : "keychainaccess",
      "kind" : "remoteSourceControl",
      "location" : "https://github.com/kishikawakatsumi/KeychainAccess",
      "state" : {
        "revision" : "84e546727d66f1adc5439debad16270d0fdd04e7",
        "version" : "4.2.2"
      }
    },
    {
      "identity" : "storageclient",
      "kind" : "remoteSourceControl",
      "location" : "https://github.com/joselinoneto/storageclient",
      "state" : {
        "revision" : "c0d3baed19d84ed3adf0b63f8847a55fd7e1ac4f",
        "version" : "1.0.7"
      }
    },
    {
      "identity" : "swifterswift",
      "kind" : "remoteSourceControl",
      "location" : "https://github.com/SwifterSwift/SwifterSwift.git",
      "state" : {
        "revision" : "933f27d8e7fa0bf8200a5d6235e0de383b801126",
        "version" : "5.3.0"
      }
    },
    {
      "identity" : "toolboxapiclient",
      "kind" : "remoteSourceControl",
      "location" : "https://github.com/joselinoneto/ToolboxAPIClient",
      "state" : {
        "revision" : "4fe2e381f21fa47643adf3db2b06fe61813c6bf7",
        "version" : "1.1.1"
      }
    },
    {
      "identity" : "toolboxstorageclient",
      "kind" : "remoteSourceControl",
      "location" : "https://github.com/joselinoneto/ToolboxStorageClient",
      "state" : {
        "revision" : "9ec3d0288256cad21c2f57281d20e15f550c020d",
        "version" : "1.0.2"
      }
    },
    {
      "identity" : "tools",
      "kind" : "remoteSourceControl",
      "location" : "git@github.com:joselinoneto/tools.git",
      "state" : {
        "revision" : "971f3003b819ef973455e0f3b51138c892db59fc",
        "version" : "1.0.2"
      }
    }
  ],
  "version" : 2
}
