{
  "pins" : [
    {
      "identity" : "apiclient",
      "kind" : "remoteSourceControl",
      "location" : "https://github.com/joselinoneto/apiclient",
      "state" : {
        "revision" : "ceb9577763b85b16925503fac381e27381f6ed04",
        "version" : "1.0.0"
      }
    },
    {
      "identity" : "grdb.swift",
      "kind" : "remoteSourceControl",
      "location" : "https://github.com/groue/GRDB.swift.git",
      "state" : {
        "revision" : "8330469ac3cbbf0ee52b7e8a4e2b1f4c44bb13ea",
        "version" : "6.4.0"
      }
    },
    {
      "identity" : "keychainaccess",
      "kind" : "remoteSourceControl",
      "location" : "https://github.com/kishikawakatsumi/KeychainAccess",
      "state" : {
        "revision" : "84e546727d66f1adc5439debad16270d0fdd04e7",
        "version" : "4.2.2"
      }
    },
    {
      "identity" : "storageclient",
      "kind" : "remoteSourceControl",
      "location" : "https://github.com/joselinoneto/storageclient",
      "state" : {
        "revision" : "41e58e978db20a55fa5517f125a1dea40b9aaf0e",
        "version" : "1.0.8"
      }
    },
    {
      "identity" : "swifterswift",
      "kind" : "remoteSourceControl",
      "location" : "https://github.com/SwifterSwift/SwifterSwift.git",
      "state" : {
        "revision" : "dc813f3aa92f904a009fe543b99d5649dce7c134",
        "version" : "5.2.0"
      }
    },
    {
      "identity" : "toolboxapiclient",
      "kind" : "remoteSourceControl",
      "location" : "https://github.com/joselinoneto/ToolboxAPIClient",
      "state" : {
        "revision" : "4fe2e381f21fa47643adf3db2b06fe61813c6bf7",
        "version" : "1.1.1"
      }
    },
    {
      "identity" : "toolboxstorageclient",
      "kind" : "remoteSourceControl",
      "location" : "https://github.com/joselinoneto/ToolboxStorageClient",
      "state" : {
        "revision" : "9ec3d0288256cad21c2f57281d20e15f550c020d",
        "version" : "1.0.2"
      }
    },
    {
      "identity" : "tools",
      "kind" : "remoteSourceControl",
      "location" : "git@github.com:joselinoneto/tools.git",
      "state" : {
        "revision" : "971f3003b819ef973455e0f3b51138c892db59fc",
        "version" : "1.0.2"
      }
    }
  ],
  "version" : 2
}
